
Microsoft Visual Studio Solution File, Format Version 12.00
# Visual Studio Version 17
VisualStudioVersion = 17.0.31903.59
MinimumVisualStudioVersion = 10.0.40219.1
Project("{FAE04EC0-301F-11D3-BF4B-00C04F79EFBC}") = "ChessGame.Core", "ChessGame.Core\ChessGame.Core.csproj", "{66D760EA-307C-4548-843C-9ACE70516796}"
EndProject
Project("{FAE04EC0-301F-11D3-BF4B-00C04F79EFBC}") = "ChessGame.Avalonia", "ChessGame.Avalonia\ChessGame.Avalonia.csproj", "{113A453D-2C43-4049-B72A-5087392CE730}"
EndProject
Project("{FAE04EC0-301F-11D3-BF4B-00C04F79EFBC}") = "ChessGame.Tests", "ChessGame.Tests\ChessGame.Tests.csproj", "{7728C4E2-9025-4CCF-B36D-3F27E670A121}"
EndProject
Global
	GlobalSection(SolutionConfigurationPlatforms) = preSolution
		Debug|Any CPU = Debug|Any CPU
		Release|Any CPU = Release|Any CPU
	EndGlobalSection
	GlobalSection(SolutionProperties) = preSolution
		HideSolutionNode = FALSE
	EndGlobalSection
	GlobalSection(ProjectConfigurationPlatforms) = postSolution
		{66D760EA-307C-4548-843C-9ACE70516796}.Debug|Any CPU.ActiveCfg = Debug|Any CPU
		{66D760EA-307C-4548-843C-9ACE70516796}.Debug|Any CPU.Build.0 = Debug|Any CPU
		{66D760EA-307C-4548-843C-9ACE70516796}.Release|Any CPU.ActiveCfg = Release|Any CPU
		{66D760EA-307C-4548-843C-9ACE70516796}.Release|Any CPU.Build.0 = Release|Any CPU
		{113A453D-2C43-4049-B72A-5087392CE730}.Debug|Any CPU.ActiveCfg = Debug|Any CPU
		{113A453D-2C43-4049-B72A-5087392CE730}.Debug|Any CPU.Build.0 = Debug|Any CPU
		{113A453D-2C43-4049-B72A-5087392CE730}.Release|Any CPU.ActiveCfg = Release|Any CPU
		{113A453D-2C43-4049-B72A-5087392CE730}.Release|Any CPU.Build.0 = Release|Any CPU
		{7728C4E2-9025-4CCF-B36D-3F27E670A121}.Debug|Any CPU.ActiveCfg = Debug|Any CPU
		{7728C4E2-9025-4CCF-B36D-3F27E670A121}.Debug|Any CPU.Build.0 = Debug|Any CPU
		{7728C4E2-9025-4CCF-B36D-3F27E670A121}.Release|Any CPU.ActiveCfg = Release|Any CPU
		{7728C4E2-9025-4CCF-B36D-3F27E670A121}.Release|Any CPU.Build.0 = Release|Any CPU
	EndGlobalSection
EndGlobal
